
Microsoft Visual Studio Solution File, Format Version 12.00
# Visual Studio Version 17
VisualStudioVersion = 17.14.36408.4 d17.14
MinimumVisualStudioVersion = 10.0.40219.1
Project("{00D1A9C2-B5F0-4AF3-8072-F6C62B433612}") = "CEDS-IDS-Project", "CEDS-IDS-Project.sqlproj", "{55A503CB-A9F7-4D34-9D14-B8FC5ABA89D5}"
EndProject
Global
	GlobalSection(SolutionConfigurationPlatforms) = preSolution
		Debug|Any CPU = Debug|Any CPU
		Release|Any CPU = Release|Any CPU
	EndGlobalSection
	GlobalSection(ProjectConfigurationPlatforms) = postSolution
		{55A503CB-A9F7-4D34-9D14-B8FC5ABA89D5}.Debug|Any CPU.ActiveCfg = Debug|Any CPU
		{55A503CB-A9F7-4D34-9D14-B8FC5ABA89D5}.Debug|Any CPU.Build.0 = Debug|Any CPU
		{55A503CB-A9F7-4D34-9D14-B8FC5ABA89D5}.Debug|Any CPU.Deploy.0 = Debug|Any CPU
		{55A503CB-A9F7-4D34-9D14-B8FC5ABA89D5}.Release|Any CPU.ActiveCfg = Release|Any CPU
		{55A503CB-A9F7-4D34-9D14-B8FC5ABA89D5}.Release|Any CPU.Build.0 = Release|Any CPU
		{55A503CB-A9F7-4D34-9D14-B8FC5ABA89D5}.Release|Any CPU.Deploy.0 = Release|Any CPU
	EndGlobalSection
	GlobalSection(SolutionProperties) = preSolution
		HideSolutionNode = FALSE
	EndGlobalSection
	GlobalSection(ExtensibilityGlobals) = postSolution
		SolutionGuid = {474077E9-0ED2-4EF8-BB0B-543ABDB09EF7}
	EndGlobalSection
EndGlobal
